
Microsoft Visual Studio Solution File, Format Version 12.00
# Visual Studio Version 17
VisualStudioVersion = 17.14.36414.22 d17.14
MinimumVisualStudioVersion = 10.0.40219.1
Project("{FAE04EC0-301F-11D3-BF4B-00C04F79EFBC}") = "Bai06", "Bai06\Bai06.csproj", "{814AB1CB-2DB1-42A2-924F-B1EA9BD128B9}"
EndProject
Global
	GlobalSection(SolutionConfigurationPlatforms) = preSolution
		Debug|Any CPU = Debug|Any CPU
		Release|Any CPU = Release|Any CPU
	EndGlobalSection
	GlobalSection(ProjectConfigurationPlatforms) = postSolution
		{814AB1CB-2DB1-42A2-924F-B1EA9BD128B9}.Debug|Any CPU.ActiveCfg = Debug|Any CPU
		{814AB1CB-2DB1-42A2-924F-B1EA9BD128B9}.Debug|Any CPU.Build.0 = Debug|Any CPU
		{814AB1CB-2DB1-42A2-924F-B1EA9BD128B9}.Release|Any CPU.ActiveCfg = Release|Any CPU
		{814AB1CB-2DB1-42A2-924F-B1EA9BD128B9}.Release|Any CPU.Build.0 = Release|Any CPU
	EndGlobalSection
	GlobalSection(SolutionProperties) = preSolution
		HideSolutionNode = FALSE
	EndGlobalSection
	GlobalSection(ExtensibilityGlobals) = postSolution
		SolutionGuid = {A7B367DC-F776-44AC-BB47-14A70AD094F5}
	EndGlobalSection
EndGlobal
